// !$*UTF8*$!
{
	archiveVersion = 1;
	classes = {
	};
	objectVersion = 50;
	objects = {

/* Begin PBXBuildFile section */
		461958D9252E9906008F2F37 /* ExploreData.plist in Resources */ = {isa = PBXBuildFile; fileRef = 461958D8252E9906008F2F37 /* ExploreData.plist */; };
		461958DC252E99C5008F2F37 /* ExploreItem.swift in Sources */ = {isa = PBXBuildFile; fileRef = 461958DB252E99C5008F2F37 /* ExploreItem.swift */; };
		461958DF252E9AE4008F2F37 /* ExploreDataManager.swift in Sources */ = {isa = PBXBuildFile; fileRef = 461958DE252E9AE4008F2F37 /* ExploreDataManager.swift */; };
		461958E3252E9CF0008F2F37 /* ExploreCell.swift in Sources */ = {isa = PBXBuildFile; fileRef = 461958E2252E9CF0008F2F37 /* ExploreCell.swift */; };
		462C7E6525296C8E00D9A426 /* RestaurantListViewController.swift in Sources */ = {isa = PBXBuildFile; fileRef = 462C7E6425296C8E00D9A426 /* RestaurantListViewController.swift */; };
		4660C13E251CF06800DB5334 /* AppDelegate.swift in Sources */ = {isa = PBXBuildFile; fileRef = 4660C13D251CF06800DB5334 /* AppDelegate.swift */; };
		4660C140251CF06800DB5334 /* SceneDelegate.swift in Sources */ = {isa = PBXBuildFile; fileRef = 4660C13F251CF06800DB5334 /* SceneDelegate.swift */; };
		4660C145251CF06800DB5334 /* Main.storyboard in Resources */ = {isa = PBXBuildFile; fileRef = 4660C143251CF06800DB5334 /* Main.storyboard */; };
		4660C14A251CF06900DB5334 /* LaunchScreen.storyboard in Resources */ = {isa = PBXBuildFile; fileRef = 4660C148251CF06900DB5334 /* LaunchScreen.storyboard */; };
		4660C155251CF4E200DB5334 /* Assets.xcassets in Resources */ = {isa = PBXBuildFile; fileRef = 4660C154251CF4E200DB5334 /* Assets.xcassets */; };
		46B523AC253011E60072F717 /* Locations.plist in Resources */ = {isa = PBXBuildFile; fileRef = 46B523AB253011E60072F717 /* Locations.plist */; };
		46B523AF253013A50072F717 /* LocationDataManager.swift in Sources */ = {isa = PBXBuildFile; fileRef = 46B523AE253013A50072F717 /* LocationDataManager.swift */; };
		46F0115825300EF400C66F3E /* LocationViewController.swift in Sources */ = {isa = PBXBuildFile; fileRef = 46F0115725300EF400C66F3E /* LocationViewController.swift */; };
		46FB5020252770580024F8E7 /* ExploreViewController.swift in Sources */ = {isa = PBXBuildFile; fileRef = 46FB501F252770580024F8E7 /* ExploreViewController.swift */; };
/* End PBXBuildFile section */

/* Begin PBXFileReference section */
		461958D8252E9906008F2F37 /* ExploreData.plist */ = {isa = PBXFileReference; fileEncoding = 4; lastKnownFileType = text.plist.xml; path = ExploreData.plist; sourceTree = "<group>"; };
		461958DB252E99C5008F2F37 /* ExploreItem.swift */ = {isa = PBXFileReference; lastKnownFileType = sourcecode.swift; path = ExploreItem.swift; sourceTree = "<group>"; };
		461958DE252E9AE4008F2F37 /* ExploreDataManager.swift */ = {isa = PBXFileReference; lastKnownFileType = sourcecode.swift; path = ExploreDataManager.swift; sourceTree = "<group>"; };
		461958E2252E9CF0008F2F37 /* ExploreCell.swift */ = {isa = PBXFileReference; lastKnownFileType = sourcecode.swift; path = ExploreCell.swift; sourceTree = "<group>"; };
		462C7E6425296C8E00D9A426 /* RestaurantListViewController.swift */ = {isa = PBXFileReference; lastKnownFileType = sourcecode.swift; path = RestaurantListViewController.swift; sourceTree = "<group>"; };
		4660C13A251CF06800DB5334 /* LetsEat.app */ = {isa = PBXFileReference; explicitFileType = wrapper.application; includeInIndex = 0; path = LetsEat.app; sourceTree = BUILT_PRODUCTS_DIR; };
		4660C13D251CF06800DB5334 /* AppDelegate.swift */ = {isa = PBXFileReference; lastKnownFileType = sourcecode.swift; path = AppDelegate.swift; sourceTree = "<group>"; };
		4660C13F251CF06800DB5334 /* SceneDelegate.swift */ = {isa = PBXFileReference; lastKnownFileType = sourcecode.swift; path = SceneDelegate.swift; sourceTree = "<group>"; };
		4660C144251CF06800DB5334 /* Base */ = {isa = PBXFileReference; lastKnownFileType = file.storyboard; name = Base; path = Base.lproj/Main.storyboard; sourceTree = "<group>"; };
		4660C149251CF06900DB5334 /* Base */ = {isa = PBXFileReference; lastKnownFileType = file.storyboard; name = Base; path = Base.lproj/LaunchScreen.storyboard; sourceTree = "<group>"; };
		4660C14B251CF06900DB5334 /* Info.plist */ = {isa = PBXFileReference; lastKnownFileType = text.plist.xml; path = Info.plist; sourceTree = "<group>"; };
		4660C154251CF4E200DB5334 /* Assets.xcassets */ = {isa = PBXFileReference; lastKnownFileType = folder.assetcatalog; path = Assets.xcassets; sourceTree = "<group>"; };
		46B523AB253011E60072F717 /* Locations.plist */ = {isa = PBXFileReference; lastKnownFileType = text.plist.xml; path = Locations.plist; sourceTree = "<group>"; };
		46B523AE253013A50072F717 /* LocationDataManager.swift */ = {isa = PBXFileReference; lastKnownFileType = sourcecode.swift; path = LocationDataManager.swift; sourceTree = "<group>"; };
		46F0115725300EF400C66F3E /* LocationViewController.swift */ = {isa = PBXFileReference; lastKnownFileType = sourcecode.swift; path = LocationViewController.swift; sourceTree = "<group>"; };
		46FB501F252770580024F8E7 /* ExploreViewController.swift */ = {isa = PBXFileReference; lastKnownFileType = sourcecode.swift; path = ExploreViewController.swift; sourceTree = "<group>"; };
/* End PBXFileReference section */

/* Begin PBXFrameworksBuildPhase section */
		4660C137251CF06800DB5334 /* Frameworks */ = {
			isa = PBXFrameworksBuildPhase;
			buildActionMask = 2147483647;
			files = (
			);
			runOnlyForDeploymentPostprocessing = 0;
		};
/* End PBXFrameworksBuildPhase section */

/* Begin PBXGroup section */
		461958D7252E98F0008F2F37 /* Model */ = {
			isa = PBXGroup;
			children = (
				461958D8252E9906008F2F37 /* ExploreData.plist */,
				461958DB252E99C5008F2F37 /* ExploreItem.swift */,
				461958DE252E9AE4008F2F37 /* ExploreDataManager.swift */,
			);
			path = Model;
			sourceTree = "<group>";
		};
		461958E1252E9CBA008F2F37 /* View */ = {
			isa = PBXGroup;
			children = (
				461958E2252E9CF0008F2F37 /* ExploreCell.swift */,
			);
			path = View;
			sourceTree = "<group>";
		};
		462C7E6325296C6700D9A426 /* Restaurants */ = {
			isa = PBXGroup;
			children = (
				462C7E6425296C8E00D9A426 /* RestaurantListViewController.swift */,
			);
			path = Restaurants;
			sourceTree = "<group>";
		};
		4660C131251CF06700DB5334 = {
			isa = PBXGroup;
			children = (
				4660C13C251CF06800DB5334 /* LetsEat */,
				4660C13B251CF06800DB5334 /* Products */,
			);
			sourceTree = "<group>";
		};
		4660C13B251CF06800DB5334 /* Products */ = {
			isa = PBXGroup;
			children = (
				4660C13A251CF06800DB5334 /* LetsEat.app */,
			);
			name = Products;
			sourceTree = "<group>";
		};
		4660C13C251CF06800DB5334 /* LetsEat */ = {
			isa = PBXGroup;
			children = (
				46F0115425300EAB00C66F3E /* Location */,
				462C7E6325296C6700D9A426 /* Restaurants */,
				46FB501E252770100024F8E7 /* Explore */,
				4660C13D251CF06800DB5334 /* AppDelegate.swift */,
				4660C13F251CF06800DB5334 /* SceneDelegate.swift */,
				4660C154251CF4E200DB5334 /* Assets.xcassets */,
				4660C143251CF06800DB5334 /* Main.storyboard */,
				4660C148251CF06900DB5334 /* LaunchScreen.storyboard */,
				4660C14B251CF06900DB5334 /* Info.plist */,
			);
			path = LetsEat;
			sourceTree = "<group>";
		};
		46F0115425300EAB00C66F3E /* Location */ = {
			isa = PBXGroup;
			children = (
				46F0115625300EBC00C66F3E /* Model */,
				46F0115525300EB400C66F3E /* View */,
				46F0115725300EF400C66F3E /* LocationViewController.swift */,
				46B523AE253013A50072F717 /* LocationDataManager.swift */,
			);
			path = Location;
			sourceTree = "<group>";
		};
		46F0115525300EB400C66F3E /* View */ = {
			isa = PBXGroup;
			children = (
			);
			path = View;
			sourceTree = "<group>";
		};
		46F0115625300EBC00C66F3E /* Model */ = {
			isa = PBXGroup;
			children = (
				46B523AB253011E60072F717 /* Locations.plist */,
			);
			path = Model;
			sourceTree = "<group>";
		};
		46FB501E252770100024F8E7 /* Explore */ = {
			isa = PBXGroup;
			children = (
				461958E1252E9CBA008F2F37 /* View */,
				461958D7252E98F0008F2F37 /* Model */,
				46FB501F252770580024F8E7 /* ExploreViewController.swift */,
			);
			path = Explore;
			sourceTree = "<group>";
		};
/* End PBXGroup section */

/* Begin PBXNativeTarget section */
		4660C139251CF06800DB5334 /* LetsEat */ = {
			isa = PBXNativeTarget;
			buildConfigurationList = 4660C14E251CF06900DB5334 /* Build configuration list for PBXNativeTarget "LetsEat" */;
			buildPhases = (
				4660C136251CF06800DB5334 /* Sources */,
				4660C137251CF06800DB5334 /* Frameworks */,
				4660C138251CF06800DB5334 /* Resources */,
			);
			buildRules = (
			);
			dependencies = (
			);
			name = LetsEat;
			productName = LetsEat;
			productReference = 4660C13A251CF06800DB5334 /* LetsEat.app */;
			productType = "com.apple.product-type.application";
		};
/* End PBXNativeTarget section */

/* Begin PBXProject section */
		4660C132251CF06700DB5334 /* Project object */ = {
			isa = PBXProject;
			attributes = {
				LastSwiftUpdateCheck = 1200;
				LastUpgradeCheck = 1200;
				TargetAttributes = {
					4660C139251CF06800DB5334 = {
						CreatedOnToolsVersion = 12.0;
					};
				};
			};
			buildConfigurationList = 4660C135251CF06700DB5334 /* Build configuration list for PBXProject "LetsEat" */;
			compatibilityVersion = "Xcode 9.3";
			developmentRegion = en;
			hasScannedForEncodings = 0;
			knownRegions = (
				en,
				Base,
			);
			mainGroup = 4660C131251CF06700DB5334;
			productRefGroup = 4660C13B251CF06800DB5334 /* Products */;
			projectDirPath = "";
			projectRoot = "";
			targets = (
				4660C139251CF06800DB5334 /* LetsEat */,
			);
		};
/* End PBXProject section */

/* Begin PBXResourcesBuildPhase section */
		4660C138251CF06800DB5334 /* Resources */ = {
			isa = PBXResourcesBuildPhase;
			buildActionMask = 2147483647;
			files = (
				461958D9252E9906008F2F37 /* ExploreData.plist in Resources */,
				4660C14A251CF06900DB5334 /* LaunchScreen.storyboard in Resources */,
				4660C155251CF4E200DB5334 /* Assets.xcassets in Resources */,
				46B523AC253011E60072F717 /* Locations.plist in Resources */,
				4660C145251CF06800DB5334 /* Main.storyboard in Resources */,
			);
			runOnlyForDeploymentPostprocessing = 0;
		};
/* End PBXResourcesBuildPhase section */

/* Begin PBXSourcesBuildPhase section */
		4660C136251CF06800DB5334 /* Sources */ = {
			isa = PBXSourcesBuildPhase;
			buildActionMask = 2147483647;
			files = (
				461958DC252E99C5008F2F37 /* ExploreItem.swift in Sources */,
				4660C13E251CF06800DB5334 /* AppDelegate.swift in Sources */,
				462C7E6525296C8E00D9A426 /* RestaurantListViewController.swift in Sources */,
				4660C140251CF06800DB5334 /* SceneDelegate.swift in Sources */,
				46FB5020252770580024F8E7 /* ExploreViewController.swift in Sources */,
				461958DF252E9AE4008F2F37 /* ExploreDataManager.swift in Sources */,
				461958E3252E9CF0008F2F37 /* ExploreCell.swift in Sources */,
				46B523AF253013A50072F717 /* LocationDataManager.swift in Sources */,
				46F0115825300EF400C66F3E /* LocationViewController.swift in Sources */,
			);
			runOnlyForDeploymentPostprocessing = 0;
		};
/* End PBXSourcesBuildPhase section */

/* Begin PBXVariantGroup section */
		4660C143251CF06800DB5334 /* Main.storyboard */ = {
			isa = PBXVariantGroup;
			children = (
				4660C144251CF06800DB5334 /* Base */,
			);
			name = Main.storyboard;
			sourceTree = "<group>";
		};
		4660C148251CF06900DB5334 /* LaunchScreen.storyboard */ = {
			isa = PBXVariantGroup;
			children = (
				4660C149251CF06900DB5334 /* Base */,
			);
			name = LaunchScreen.storyboard;
			sourceTree = "<group>";
		};
/* End PBXVariantGroup section */

/* Begin XCBuildConfiguration section */
		4660C14C251CF06900DB5334 /* Debug */ = {
			isa = XCBuildConfiguration;
			buildSettings = {
				ALWAYS_SEARCH_USER_PATHS = NO;
				CLANG_ANALYZER_NONNULL = YES;
				CLANG_ANALYZER_NUMBER_OBJECT_CONVERSION = YES_AGGRESSIVE;
				CLANG_CXX_LANGUAGE_STANDARD = "gnu++14";
				CLANG_CXX_LIBRARY = "libc++";
				CLANG_ENABLE_MODULES = YES;
				CLANG_ENABLE_OBJC_ARC = YES;
				CLANG_ENABLE_OBJC_WEAK = YES;
				CLANG_WARN_BLOCK_CAPTURE_AUTORELEASING = YES;
				CLANG_WARN_BOOL_CONVERSION = YES;
				CLANG_WARN_COMMA = YES;
				CLANG_WARN_CONSTANT_CONVERSION = YES;
				CLANG_WARN_DEPRECATED_OBJC_IMPLEMENTATIONS = YES;
				CLANG_WARN_DIRECT_OBJC_ISA_USAGE = YES_ERROR;
				CLANG_WARN_DOCUMENTATION_COMMENTS = YES;
				CLANG_WARN_EMPTY_BODY = YES;
				CLANG_WARN_ENUM_CONVERSION = YES;
				CLANG_WARN_INFINITE_RECURSION = YES;
				CLANG_WARN_INT_CONVERSION = YES;
				CLANG_WARN_NON_LITERAL_NULL_CONVERSION = YES;
				CLANG_WARN_OBJC_IMPLICIT_RETAIN_SELF = YES;
				CLANG_WARN_OBJC_LITERAL_CONVERSION = YES;
				CLANG_WARN_OBJC_ROOT_CLASS = YES_ERROR;
				CLANG_WARN_QUOTED_INCLUDE_IN_FRAMEWORK_HEADER = YES;
				CLANG_WARN_RANGE_LOOP_ANALYSIS = YES;
				CLANG_WARN_STRICT_PROTOTYPES = YES;
				CLANG_WARN_SUSPICIOUS_MOVE = YES;
				CLANG_WARN_UNGUARDED_AVAILABILITY = YES_AGGRESSIVE;
				CLANG_WARN_UNREACHABLE_CODE = YES;
				CLANG_WARN__DUPLICATE_METHOD_MATCH = YES;
				COPY_PHASE_STRIP = NO;
				DEBUG_INFORMATION_FORMAT = dwarf;
				ENABLE_STRICT_OBJC_MSGSEND = YES;
				ENABLE_TESTABILITY = YES;
				GCC_C_LANGUAGE_STANDARD = gnu11;
				GCC_DYNAMIC_NO_PIC = NO;
				GCC_NO_COMMON_BLOCKS = YES;
				GCC_OPTIMIZATION_LEVEL = 0;
				GCC_PREPROCESSOR_DEFINITIONS = (
					"DEBUG=1",
					"$(inherited)",
				);
				GCC_WARN_64_TO_32_BIT_CONVERSION = YES;
				GCC_WARN_ABOUT_RETURN_TYPE = YES_ERROR;
				GCC_WARN_UNDECLARED_SELECTOR = YES;
				GCC_WARN_UNINITIALIZED_AUTOS = YES_AGGRESSIVE;
				GCC_WARN_UNUSED_FUNCTION = YES;
				GCC_WARN_UNUSED_VARIABLE = YES;
				IPHONEOS_DEPLOYMENT_TARGET = 14.0;
				MTL_ENABLE_DEBUG_INFO = INCLUDE_SOURCE;
				MTL_FAST_MATH = YES;
				ONLY_ACTIVE_ARCH = YES;
				SDKROOT = iphoneos;
				SWIFT_ACTIVE_COMPILATION_CONDITIONS = DEBUG;
				SWIFT_OPTIMIZATION_LEVEL = "-Onone";
			};
			name = Debug;
		};
		4660C14D251CF06900DB5334 /* Release */ = {
			isa = XCBuildConfiguration;
			buildSettings = {
				ALWAYS_SEARCH_USER_PATHS = NO;
				CLANG_ANALYZER_NONNULL = YES;
				CLANG_ANALYZER_NUMBER_OBJECT_CONVERSION = YES_AGGRESSIVE;
				CLANG_CXX_LANGUAGE_STANDARD = "gnu++14";
				CLANG_CXX_LIBRARY = "libc++";
				CLANG_ENABLE_MODULES = YES;
				CLANG_ENABLE_OBJC_ARC = YES;
				CLANG_ENABLE_OBJC_WEAK = YES;
				CLANG_WARN_BLOCK_CAPTURE_AUTORELEASING = YES;
				CLANG_WARN_BOOL_CONVERSION = YES;
				CLANG_WARN_COMMA = YES;
				CLANG_WARN_CONSTANT_CONVERSION = YES;
				CLANG_WARN_DEPRECATED_OBJC_IMPLEMENTATIONS = YES;
				CLANG_WARN_DIRECT_OBJC_ISA_USAGE = YES_ERROR;
				CLANG_WARN_DOCUMENTATION_COMMENTS = YES;
				CLANG_WARN_EMPTY_BODY = YES;
				CLANG_WARN_ENUM_CONVERSION = YES;
				CLANG_WARN_INFINITE_RECURSION = YES;
				CLANG_WARN_INT_CONVERSION = YES;
				CLANG_WARN_NON_LITERAL_NULL_CONVERSION = YES;
				CLANG_WARN_OBJC_IMPLICIT_RETAIN_SELF = YES;
				CLANG_WARN_OBJC_LITERAL_CONVERSION = YES;
				CLANG_WARN_OBJC_ROOT_CLASS = YES_ERROR;
				CLANG_WARN_QUOTED_INCLUDE_IN_FRAMEWORK_HEADER = YES;
				CLANG_WARN_RANGE_LOOP_ANALYSIS = YES;
				CLANG_WARN_STRICT_PROTOTYPES = YES;
				CLANG_WARN_SUSPICIOUS_MOVE = YES;
				CLANG_WARN_UNGUARDED_AVAILABILITY = YES_AGGRESSIVE;
				CLANG_WARN_UNREACHABLE_CODE = YES;
				CLANG_WARN__DUPLICATE_METHOD_MATCH = YES;
				COPY_PHASE_STRIP = NO;
				DEBUG_INFORMATION_FORMAT = "dwarf-with-dsym";
				ENABLE_NS_ASSERTIONS = NO;
				ENABLE_STRICT_OBJC_MSGSEND = YES;
				GCC_C_LANGUAGE_STANDARD = gnu11;
				GCC_NO_COMMON_BLOCKS = YES;
				GCC_WARN_64_TO_32_BIT_CONVERSION = YES;
				GCC_WARN_ABOUT_RETURN_TYPE = YES_ERROR;
				GCC_WARN_UNDECLARED_SELECTOR = YES;
				GCC_WARN_UNINITIALIZED_AUTOS = YES_AGGRESSIVE;
				GCC_WARN_UNUSED_FUNCTION = YES;
				GCC_WARN_UNUSED_VARIABLE = YES;
				IPHONEOS_DEPLOYMENT_TARGET = 14.0;
				MTL_ENABLE_DEBUG_INFO = NO;
				MTL_FAST_MATH = YES;
				SDKROOT = iphoneos;
				SWIFT_COMPILATION_MODE = wholemodule;
				SWIFT_OPTIMIZATION_LEVEL = "-O";
				VALIDATE_PRODUCT = YES;
			};
			name = Release;
		};
		4660C14F251CF06900DB5334 /* Debug */ = {
			isa = XCBuildConfiguration;
			buildSettings = {
				ASSETCATALOG_COMPILER_APPICON_NAME = AppIcon;
				ASSETCATALOG_COMPILER_GLOBAL_ACCENT_COLOR_NAME = AccentColor;
				CODE_SIGN_STYLE = Automatic;
				INFOPLIST_FILE = LetsEat/Info.plist;
				LD_RUNPATH_SEARCH_PATHS = (
					"$(inherited)",
					"@executable_path/Frameworks",
				);
				PRODUCT_BUNDLE_IDENTIFIER = com.myname.LetsEat;
				PRODUCT_NAME = "$(TARGET_NAME)";
				SWIFT_VERSION = 5.0;
				TARGETED_DEVICE_FAMILY = "1,2";
			};
			name = Debug;
		};
		4660C150251CF06900DB5334 /* Release */ = {
			isa = XCBuildConfiguration;
			buildSettings = {
				ASSETCATALOG_COMPILER_APPICON_NAME = AppIcon;
				ASSETCATALOG_COMPILER_GLOBAL_ACCENT_COLOR_NAME = AccentColor;
				CODE_SIGN_STYLE = Automatic;
				INFOPLIST_FILE = LetsEat/Info.plist;
				LD_RUNPATH_SEARCH_PATHS = (
					"$(inherited)",
					"@executable_path/Frameworks",
				);
				PRODUCT_BUNDLE_IDENTIFIER = com.myname.LetsEat;
				PRODUCT_NAME = "$(TARGET_NAME)";
				SWIFT_VERSION = 5.0;
				TARGETED_DEVICE_FAMILY = "1,2";
			};
			name = Release;
		};
/* End XCBuildConfiguration section */

/* Begin XCConfigurationList section */
		4660C135251CF06700DB5334 /* Build configuration list for PBXProject "LetsEat" */ = {
			isa = XCConfigurationList;
			buildConfigurations = (
				4660C14C251CF06900DB5334 /* Debug */,
				4660C14D251CF06900DB5334 /* Release */,
			);
			defaultConfigurationIsVisible = 0;
			defaultConfigurationName = Release;
		};
		4660C14E251CF06900DB5334 /* Build configuration list for PBXNativeTarget "LetsEat" */ = {
			isa = XCConfigurationList;
			buildConfigurations = (
				4660C14F251CF06900DB5334 /* Debug */,
				4660C150251CF06900DB5334 /* Release */,
			);
			defaultConfigurationIsVisible = 0;
			defaultConfigurationName = Release;
		};
/* End XCConfigurationList section */
	};
	rootObject = 4660C132251CF06700DB5334 /* Project object */;
}
