// !$*UTF8*$!
{
	archiveVersion = 1;
	classes = {
	};
	objectVersion = 50;
	objects = {

/* Begin PBXBuildFile section */
		461958D9252E9906008F2F37 /* ExploreData.plist in Resources */ = {isa = PBXBuildFile; fileRef = 461958D8252E9906008F2F37 /* ExploreData.plist */; };
		461958DC252E99C5008F2F37 /* ExploreItem.swift in Sources */ = {isa = PBXBuildFile; fileRef = 461958DB252E99C5008F2F37 /* ExploreItem.swift */; };
		461958DF252E9AE4008F2F37 /* ExploreDataManager.swift in Sources */ = {isa = PBXBuildFile; fileRef = 461958DE252E9AE4008F2F37 /* ExploreDataManager.swift */; };
		461958E3252E9CF0008F2F37 /* ExploreCell.swift in Sources */ = {isa = PBXBuildFile; fileRef = 461958E2252E9CF0008F2F37 /* ExploreCell.swift */; };
		462C7E6525296C8E00D9A426 /* RestaurantListViewController.swift in Sources */ = {isa = PBXBuildFile; fileRef = 462C7E6425296C8E00D9A426 /* RestaurantListViewController.swift */; };
		464553DD25313C29006DEF9A /* MapLocations.plist in Resources */ = {isa = PBXBuildFile; fileRef = 464553DC25313C29006DEF9A /* MapLocations.plist */; };
		464553E025313C83006DEF9A /* RestaurantItem.swift in Sources */ = {isa = PBXBuildFile; fileRef = 464553DF25313C83006DEF9A /* RestaurantItem.swift */; };
		464553E325313FAA006DEF9A /* MapDataManager.swift in Sources */ = {isa = PBXBuildFile; fileRef = 464553E225313FAA006DEF9A /* MapDataManager.swift */; };
		464553E725314159006DEF9A /* DataManager.swift in Sources */ = {isa = PBXBuildFile; fileRef = 464553E625314159006DEF9A /* DataManager.swift */; };
		464553EB25314431006DEF9A /* MapViewController.swift in Sources */ = {isa = PBXBuildFile; fileRef = 464553EA25314431006DEF9A /* MapViewController.swift */; };
		464553EF253149C4006DEF9A /* RestaurantDetail.storyboard in Resources */ = {isa = PBXBuildFile; fileRef = 464553EE253149C4006DEF9A /* RestaurantDetail.storyboard */; };
		464553F4253149F3006DEF9A /* PhotoFilter.storyboard in Resources */ = {isa = PBXBuildFile; fileRef = 464553F3253149F3006DEF9A /* PhotoFilter.storyboard */; };
		464553F7253149FD006DEF9A /* ReviewForm.storyboard in Resources */ = {isa = PBXBuildFile; fileRef = 464553F6253149FD006DEF9A /* ReviewForm.storyboard */; };
		464553FB25314AD3006DEF9A /* Segue.swift in Sources */ = {isa = PBXBuildFile; fileRef = 464553FA25314AD3006DEF9A /* Segue.swift */; };
		464553FF25315105006DEF9A /* RestaurantDetailViewController.swift in Sources */ = {isa = PBXBuildFile; fileRef = 464553FE25315105006DEF9A /* RestaurantDetailViewController.swift */; };
		4660B880253665560073E696 /* San Francisco.json in Resources */ = {isa = PBXBuildFile; fileRef = 4660B872253665540073E696 /* San Francisco.json */; };
		4660B881253665560073E696 /* Aspen.json in Resources */ = {isa = PBXBuildFile; fileRef = 4660B873253665540073E696 /* Aspen.json */; };
		4660B882253665560073E696 /* Houston.json in Resources */ = {isa = PBXBuildFile; fileRef = 4660B874253665540073E696 /* Houston.json */; };
		4660B883253665560073E696 /* Las Vegas.json in Resources */ = {isa = PBXBuildFile; fileRef = 4660B875253665540073E696 /* Las Vegas.json */; };
		4660B884253665560073E696 /* Chicago.json in Resources */ = {isa = PBXBuildFile; fileRef = 4660B876253665550073E696 /* Chicago.json */; };
		4660B885253665560073E696 /* Los Angeles.json in Resources */ = {isa = PBXBuildFile; fileRef = 4660B877253665550073E696 /* Los Angeles.json */; };
		4660B886253665560073E696 /* Charleston.json in Resources */ = {isa = PBXBuildFile; fileRef = 4660B878253665550073E696 /* Charleston.json */; };
		4660B887253665560073E696 /* San Antonio.json in Resources */ = {isa = PBXBuildFile; fileRef = 4660B879253665550073E696 /* San Antonio.json */; };
		4660B888253665560073E696 /* Philadelphia.json in Resources */ = {isa = PBXBuildFile; fileRef = 4660B87A253665550073E696 /* Philadelphia.json */; };
		4660B889253665560073E696 /* New York.json in Resources */ = {isa = PBXBuildFile; fileRef = 4660B87B253665550073E696 /* New York.json */; };
		4660B88A253665560073E696 /* Miami.json in Resources */ = {isa = PBXBuildFile; fileRef = 4660B87C253665560073E696 /* Miami.json */; };
		4660B88B253665560073E696 /* Boston.json in Resources */ = {isa = PBXBuildFile; fileRef = 4660B87D253665560073E696 /* Boston.json */; };
		4660B88C253665560073E696 /* Portland.json in Resources */ = {isa = PBXBuildFile; fileRef = 4660B87E253665560073E696 /* Portland.json */; };
		4660B88D253665560073E696 /* New Orleans.json in Resources */ = {isa = PBXBuildFile; fileRef = 4660B87F253665560073E696 /* New Orleans.json */; };
		4660B891253666710073E696 /* RestaurantDataManager.swift in Sources */ = {isa = PBXBuildFile; fileRef = 4660B890253666710073E696 /* RestaurantDataManager.swift */; };
		4660B89425366A560073E696 /* LocationItem.swift in Sources */ = {isa = PBXBuildFile; fileRef = 4660B89325366A560073E696 /* LocationItem.swift */; };
		4660B89925366DFB0073E696 /* ExploreHeaderView.swift in Sources */ = {isa = PBXBuildFile; fileRef = 4660B89825366DFB0073E696 /* ExploreHeaderView.swift */; };
		4660C13E251CF06800DB5334 /* AppDelegate.swift in Sources */ = {isa = PBXBuildFile; fileRef = 4660C13D251CF06800DB5334 /* AppDelegate.swift */; };
		4660C140251CF06800DB5334 /* SceneDelegate.swift in Sources */ = {isa = PBXBuildFile; fileRef = 4660C13F251CF06800DB5334 /* SceneDelegate.swift */; };
		4660C145251CF06800DB5334 /* Main.storyboard in Resources */ = {isa = PBXBuildFile; fileRef = 4660C143251CF06800DB5334 /* Main.storyboard */; };
		4660C14A251CF06900DB5334 /* LaunchScreen.storyboard in Resources */ = {isa = PBXBuildFile; fileRef = 4660C148251CF06900DB5334 /* LaunchScreen.storyboard */; };
		4660C155251CF4E200DB5334 /* Assets.xcassets in Resources */ = {isa = PBXBuildFile; fileRef = 4660C154251CF4E200DB5334 /* Assets.xcassets */; };
		46667198253996B900F8734A /* FilterData.plist in Resources */ = {isa = PBXBuildFile; fileRef = 46667197253996B900F8734A /* FilterData.plist */; };
		4666719B2539979E00F8734A /* FilterItem.swift in Sources */ = {isa = PBXBuildFile; fileRef = 4666719A2539979E00F8734A /* FilterItem.swift */; };
		4666719E2539980000F8734A /* FilterManager.swift in Sources */ = {isa = PBXBuildFile; fileRef = 4666719D2539980000F8734A /* FilterManager.swift */; };
		466671A12539989D00F8734A /* ImageFiltering.swift in Sources */ = {isa = PBXBuildFile; fileRef = 466671A02539989D00F8734A /* ImageFiltering.swift */; };
		466671A425399B3500F8734A /* FilterCell.swift in Sources */ = {isa = PBXBuildFile; fileRef = 466671A325399B3500F8734A /* FilterCell.swift */; };
		466671A725399D6200F8734A /* PhotoFilterViewController.swift in Sources */ = {isa = PBXBuildFile; fileRef = 466671A625399D6200F8734A /* PhotoFilterViewController.swift */; };
		46B523AC253011E60072F717 /* Locations.plist in Resources */ = {isa = PBXBuildFile; fileRef = 46B523AB253011E60072F717 /* Locations.plist */; };
		46B523AF253013A50072F717 /* LocationDataManager.swift in Sources */ = {isa = PBXBuildFile; fileRef = 46B523AE253013A50072F717 /* LocationDataManager.swift */; };
		46DA743B25367D11000F89B2 /* RestaurantCell.swift in Sources */ = {isa = PBXBuildFile; fileRef = 46DA743A25367D11000F89B2 /* RestaurantCell.swift */; };
		46DA743F25367EDC000F89B2 /* NoDataView.swift in Sources */ = {isa = PBXBuildFile; fileRef = 46DA743E25367EDC000F89B2 /* NoDataView.swift */; };
		46DA744225367EF5000F89B2 /* NoDataView.xib in Resources */ = {isa = PBXBuildFile; fileRef = 46DA744125367EF5000F89B2 /* NoDataView.xib */; };
		46E97D672537EDBA0008B88F /* RatingsView.swift in Sources */ = {isa = PBXBuildFile; fileRef = 46E97D662537EDBA0008B88F /* RatingsView.swift */; };
		46E97D6A2537FD9C0008B88F /* ReviewFormViewController.swift in Sources */ = {isa = PBXBuildFile; fileRef = 46E97D692537FD9C0008B88F /* ReviewFormViewController.swift */; };
		46F0115825300EF400C66F3E /* LocationViewController.swift in Sources */ = {isa = PBXBuildFile; fileRef = 46F0115725300EF400C66F3E /* LocationViewController.swift */; };
		46FB5020252770580024F8E7 /* ExploreViewController.swift in Sources */ = {isa = PBXBuildFile; fileRef = 46FB501F252770580024F8E7 /* ExploreViewController.swift */; };
/* End PBXBuildFile section */

/* Begin PBXFileReference section */
		461958D8252E9906008F2F37 /* ExploreData.plist */ = {isa = PBXFileReference; fileEncoding = 4; lastKnownFileType = text.plist.xml; path = ExploreData.plist; sourceTree = "<group>"; };
		461958DB252E99C5008F2F37 /* ExploreItem.swift */ = {isa = PBXFileReference; lastKnownFileType = sourcecode.swift; path = ExploreItem.swift; sourceTree = "<group>"; };
		461958DE252E9AE4008F2F37 /* ExploreDataManager.swift */ = {isa = PBXFileReference; lastKnownFileType = sourcecode.swift; path = ExploreDataManager.swift; sourceTree = "<group>"; };
		461958E2252E9CF0008F2F37 /* ExploreCell.swift */ = {isa = PBXFileReference; lastKnownFileType = sourcecode.swift; path = ExploreCell.swift; sourceTree = "<group>"; };
		462C7E6425296C8E00D9A426 /* RestaurantListViewController.swift */ = {isa = PBXFileReference; lastKnownFileType = sourcecode.swift; path = RestaurantListViewController.swift; sourceTree = "<group>"; };
		464553DC25313C29006DEF9A /* MapLocations.plist */ = {isa = PBXFileReference; fileEncoding = 4; lastKnownFileType = text.plist.xml; path = MapLocations.plist; sourceTree = "<group>"; };
		464553DF25313C83006DEF9A /* RestaurantItem.swift */ = {isa = PBXFileReference; lastKnownFileType = sourcecode.swift; path = RestaurantItem.swift; sourceTree = "<group>"; };
		464553E225313FAA006DEF9A /* MapDataManager.swift */ = {isa = PBXFileReference; lastKnownFileType = sourcecode.swift; path = MapDataManager.swift; sourceTree = "<group>"; };
		464553E625314159006DEF9A /* DataManager.swift */ = {isa = PBXFileReference; lastKnownFileType = sourcecode.swift; path = DataManager.swift; sourceTree = "<group>"; };
		464553EA25314431006DEF9A /* MapViewController.swift */ = {isa = PBXFileReference; lastKnownFileType = sourcecode.swift; path = MapViewController.swift; sourceTree = "<group>"; };
		464553EE253149C4006DEF9A /* RestaurantDetail.storyboard */ = {isa = PBXFileReference; fileEncoding = 4; lastKnownFileType = file.storyboard; path = RestaurantDetail.storyboard; sourceTree = "<group>"; };
		464553F3253149F3006DEF9A /* PhotoFilter.storyboard */ = {isa = PBXFileReference; fileEncoding = 4; lastKnownFileType = file.storyboard; path = PhotoFilter.storyboard; sourceTree = "<group>"; };
		464553F6253149FD006DEF9A /* ReviewForm.storyboard */ = {isa = PBXFileReference; fileEncoding = 4; lastKnownFileType = file.storyboard; path = ReviewForm.storyboard; sourceTree = "<group>"; };
		464553FA25314AD3006DEF9A /* Segue.swift */ = {isa = PBXFileReference; lastKnownFileType = sourcecode.swift; path = Segue.swift; sourceTree = "<group>"; };
		464553FE25315105006DEF9A /* RestaurantDetailViewController.swift */ = {isa = PBXFileReference; lastKnownFileType = sourcecode.swift; path = RestaurantDetailViewController.swift; sourceTree = "<group>"; };
		4660B872253665540073E696 /* San Francisco.json */ = {isa = PBXFileReference; fileEncoding = 4; lastKnownFileType = text.json; path = "San Francisco.json"; sourceTree = "<group>"; };
		4660B873253665540073E696 /* Aspen.json */ = {isa = PBXFileReference; fileEncoding = 4; lastKnownFileType = text.json; path = Aspen.json; sourceTree = "<group>"; };
		4660B874253665540073E696 /* Houston.json */ = {isa = PBXFileReference; fileEncoding = 4; lastKnownFileType = text.json; path = Houston.json; sourceTree = "<group>"; };
		4660B875253665540073E696 /* Las Vegas.json */ = {isa = PBXFileReference; fileEncoding = 4; lastKnownFileType = text.json; path = "Las Vegas.json"; sourceTree = "<group>"; };
		4660B876253665550073E696 /* Chicago.json */ = {isa = PBXFileReference; fileEncoding = 4; lastKnownFileType = text.json; path = Chicago.json; sourceTree = "<group>"; };
		4660B877253665550073E696 /* Los Angeles.json */ = {isa = PBXFileReference; fileEncoding = 4; lastKnownFileType = text.json; path = "Los Angeles.json"; sourceTree = "<group>"; };
		4660B878253665550073E696 /* Charleston.json */ = {isa = PBXFileReference; fileEncoding = 4; lastKnownFileType = text.json; path = Charleston.json; sourceTree = "<group>"; };
		4660B879253665550073E696 /* San Antonio.json */ = {isa = PBXFileReference; fileEncoding = 4; lastKnownFileType = text.json; path = "San Antonio.json"; sourceTree = "<group>"; };
		4660B87A253665550073E696 /* Philadelphia.json */ = {isa = PBXFileReference; fileEncoding = 4; lastKnownFileType = text.json; path = Philadelphia.json; sourceTree = "<group>"; };
		4660B87B253665550073E696 /* New York.json */ = {isa = PBXFileReference; fileEncoding = 4; lastKnownFileType = text.json; path = "New York.json"; sourceTree = "<group>"; };
		4660B87C253665560073E696 /* Miami.json */ = {isa = PBXFileReference; fileEncoding = 4; lastKnownFileType = text.json; path = Miami.json; sourceTree = "<group>"; };
		4660B87D253665560073E696 /* Boston.json */ = {isa = PBXFileReference; fileEncoding = 4; lastKnownFileType = text.json; path = Boston.json; sourceTree = "<group>"; };
		4660B87E253665560073E696 /* Portland.json */ = {isa = PBXFileReference; fileEncoding = 4; lastKnownFileType = text.json; path = Portland.json; sourceTree = "<group>"; };
		4660B87F253665560073E696 /* New Orleans.json */ = {isa = PBXFileReference; fileEncoding = 4; lastKnownFileType = text.json; path = "New Orleans.json"; sourceTree = "<group>"; };
		4660B890253666710073E696 /* RestaurantDataManager.swift */ = {isa = PBXFileReference; lastKnownFileType = sourcecode.swift; path = RestaurantDataManager.swift; sourceTree = "<group>"; };
		4660B89325366A560073E696 /* LocationItem.swift */ = {isa = PBXFileReference; lastKnownFileType = sourcecode.swift; path = LocationItem.swift; sourceTree = "<group>"; };
		4660B89825366DFB0073E696 /* ExploreHeaderView.swift */ = {isa = PBXFileReference; lastKnownFileType = sourcecode.swift; path = ExploreHeaderView.swift; sourceTree = "<group>"; };
		4660C13A251CF06800DB5334 /* LetsEat.app */ = {isa = PBXFileReference; explicitFileType = wrapper.application; includeInIndex = 0; path = LetsEat.app; sourceTree = BUILT_PRODUCTS_DIR; };
		4660C13D251CF06800DB5334 /* AppDelegate.swift */ = {isa = PBXFileReference; lastKnownFileType = sourcecode.swift; path = AppDelegate.swift; sourceTree = "<group>"; };
		4660C13F251CF06800DB5334 /* SceneDelegate.swift */ = {isa = PBXFileReference; lastKnownFileType = sourcecode.swift; path = SceneDelegate.swift; sourceTree = "<group>"; };
		4660C144251CF06800DB5334 /* Base */ = {isa = PBXFileReference; lastKnownFileType = file.storyboard; name = Base; path = Base.lproj/Main.storyboard; sourceTree = "<group>"; };
		4660C149251CF06900DB5334 /* Base */ = {isa = PBXFileReference; lastKnownFileType = file.storyboard; name = Base; path = Base.lproj/LaunchScreen.storyboard; sourceTree = "<group>"; };
		4660C14B251CF06900DB5334 /* Info.plist */ = {isa = PBXFileReference; lastKnownFileType = text.plist.xml; path = Info.plist; sourceTree = "<group>"; };
		4660C154251CF4E200DB5334 /* Assets.xcassets */ = {isa = PBXFileReference; lastKnownFileType = folder.assetcatalog; path = Assets.xcassets; sourceTree = "<group>"; };
		46667197253996B900F8734A /* FilterData.plist */ = {isa = PBXFileReference; fileEncoding = 4; lastKnownFileType = text.plist.xml; path = FilterData.plist; sourceTree = "<group>"; };
		4666719A2539979E00F8734A /* FilterItem.swift */ = {isa = PBXFileReference; lastKnownFileType = sourcecode.swift; path = FilterItem.swift; sourceTree = "<group>"; };
		4666719D2539980000F8734A /* FilterManager.swift */ = {isa = PBXFileReference; lastKnownFileType = sourcecode.swift; path = FilterManager.swift; sourceTree = "<group>"; };
		466671A02539989D00F8734A /* ImageFiltering.swift */ = {isa = PBXFileReference; lastKnownFileType = sourcecode.swift; path = ImageFiltering.swift; sourceTree = "<group>"; };
		466671A325399B3500F8734A /* FilterCell.swift */ = {isa = PBXFileReference; lastKnownFileType = sourcecode.swift; path = FilterCell.swift; sourceTree = "<group>"; };
		466671A625399D6200F8734A /* PhotoFilterViewController.swift */ = {isa = PBXFileReference; lastKnownFileType = sourcecode.swift; path = PhotoFilterViewController.swift; sourceTree = "<group>"; };
		46B523AB253011E60072F717 /* Locations.plist */ = {isa = PBXFileReference; lastKnownFileType = text.plist.xml; path = Locations.plist; sourceTree = "<group>"; };
		46B523AE253013A50072F717 /* LocationDataManager.swift */ = {isa = PBXFileReference; lastKnownFileType = sourcecode.swift; path = LocationDataManager.swift; sourceTree = "<group>"; };
		46DA743A25367D11000F89B2 /* RestaurantCell.swift */ = {isa = PBXFileReference; lastKnownFileType = sourcecode.swift; path = RestaurantCell.swift; sourceTree = "<group>"; };
		46DA743E25367EDC000F89B2 /* NoDataView.swift */ = {isa = PBXFileReference; lastKnownFileType = sourcecode.swift; path = NoDataView.swift; sourceTree = "<group>"; };
		46DA744125367EF5000F89B2 /* NoDataView.xib */ = {isa = PBXFileReference; lastKnownFileType = file.xib; path = NoDataView.xib; sourceTree = "<group>"; };
		46E97D662537EDBA0008B88F /* RatingsView.swift */ = {isa = PBXFileReference; lastKnownFileType = sourcecode.swift; path = RatingsView.swift; sourceTree = "<group>"; };
		46E97D692537FD9C0008B88F /* ReviewFormViewController.swift */ = {isa = PBXFileReference; lastKnownFileType = sourcecode.swift; path = ReviewFormViewController.swift; sourceTree = "<group>"; };
		46F0115725300EF400C66F3E /* LocationViewController.swift */ = {isa = PBXFileReference; lastKnownFileType = sourcecode.swift; path = LocationViewController.swift; sourceTree = "<group>"; };
		46FB501F252770580024F8E7 /* ExploreViewController.swift */ = {isa = PBXFileReference; lastKnownFileType = sourcecode.swift; path = ExploreViewController.swift; sourceTree = "<group>"; };
/* End PBXFileReference section */

/* Begin PBXFrameworksBuildPhase section */
		4660C137251CF06800DB5334 /* Frameworks */ = {
			isa = PBXFrameworksBuildPhase;
			buildActionMask = 2147483647;
			files = (
			);
			runOnlyForDeploymentPostprocessing = 0;
		};
/* End PBXFrameworksBuildPhase section */

/* Begin PBXGroup section */
		461958D7252E98F0008F2F37 /* Model */ = {
			isa = PBXGroup;
			children = (
				461958D8252E9906008F2F37 /* ExploreData.plist */,
				461958DB252E99C5008F2F37 /* ExploreItem.swift */,
				461958DE252E9AE4008F2F37 /* ExploreDataManager.swift */,
			);
			path = Model;
			sourceTree = "<group>";
		};
		461958E1252E9CBA008F2F37 /* View */ = {
			isa = PBXGroup;
			children = (
				461958E2252E9CF0008F2F37 /* ExploreCell.swift */,
				4660B89825366DFB0073E696 /* ExploreHeaderView.swift */,
			);
			path = View;
			sourceTree = "<group>";
		};
		462C7E6325296C6700D9A426 /* Restaurants */ = {
			isa = PBXGroup;
			children = (
				46DA743925367CD0000F89B2 /* View */,
				4660B88F2536665B0073E696 /* Model */,
				462C7E6425296C8E00D9A426 /* RestaurantListViewController.swift */,
			);
			path = Restaurants;
			sourceTree = "<group>";
		};
		464553DA25313BE2006DEF9A /* Map */ = {
			isa = PBXGroup;
			children = (
				464553DB25313BED006DEF9A /* Model */,
				464553EA25314431006DEF9A /* MapViewController.swift */,
			);
			path = Map;
			sourceTree = "<group>";
		};
		464553DB25313BED006DEF9A /* Model */ = {
			isa = PBXGroup;
			children = (
				464553DC25313C29006DEF9A /* MapLocations.plist */,
				464553DF25313C83006DEF9A /* RestaurantItem.swift */,
				464553E225313FAA006DEF9A /* MapDataManager.swift */,
			);
			path = Model;
			sourceTree = "<group>";
		};
		464553E525314141006DEF9A /* Misc */ = {
			isa = PBXGroup;
			children = (
				46DA743D25367EAC000F89B2 /* No Data */,
				4660B871253665420073E696 /* JSON */,
				464553E625314159006DEF9A /* DataManager.swift */,
				464553FA25314AD3006DEF9A /* Segue.swift */,
			);
			path = Misc;
			sourceTree = "<group>";
		};
		464553ED253149B1006DEF9A /* RestaurantDetail */ = {
			isa = PBXGroup;
			children = (
				464553EE253149C4006DEF9A /* RestaurantDetail.storyboard */,
				464553FE25315105006DEF9A /* RestaurantDetailViewController.swift */,
			);
			path = RestaurantDetail;
			sourceTree = "<group>";
		};
		464553F1253149DC006DEF9A /* PhotoFilter */ = {
			isa = PBXGroup;
			children = (
				46667196253996A500F8734A /* Model */,
				464553F3253149F3006DEF9A /* PhotoFilter.storyboard */,
				466671A02539989D00F8734A /* ImageFiltering.swift */,
				466671A325399B3500F8734A /* FilterCell.swift */,
				466671A625399D6200F8734A /* PhotoFilterViewController.swift */,
			);
			path = PhotoFilter;
			sourceTree = "<group>";
		};
		464553F2253149E7006DEF9A /* ReviewForm */ = {
			isa = PBXGroup;
			children = (
				464553F6253149FD006DEF9A /* ReviewForm.storyboard */,
				46E97D662537EDBA0008B88F /* RatingsView.swift */,
				46E97D692537FD9C0008B88F /* ReviewFormViewController.swift */,
			);
			path = ReviewForm;
			sourceTree = "<group>";
		};
		4660B871253665420073E696 /* JSON */ = {
			isa = PBXGroup;
			children = (
				4660B873253665540073E696 /* Aspen.json */,
				4660B87D253665560073E696 /* Boston.json */,
				4660B878253665550073E696 /* Charleston.json */,
				4660B876253665550073E696 /* Chicago.json */,
				4660B874253665540073E696 /* Houston.json */,
				4660B875253665540073E696 /* Las Vegas.json */,
				4660B877253665550073E696 /* Los Angeles.json */,
				4660B87C253665560073E696 /* Miami.json */,
				4660B87F253665560073E696 /* New Orleans.json */,
				4660B87B253665550073E696 /* New York.json */,
				4660B87A253665550073E696 /* Philadelphia.json */,
				4660B87E253665560073E696 /* Portland.json */,
				4660B879253665550073E696 /* San Antonio.json */,
				4660B872253665540073E696 /* San Francisco.json */,
			);
			path = JSON;
			sourceTree = "<group>";
		};
		4660B88F2536665B0073E696 /* Model */ = {
			isa = PBXGroup;
			children = (
				4660B890253666710073E696 /* RestaurantDataManager.swift */,
			);
			path = Model;
			sourceTree = "<group>";
		};
		4660C131251CF06700DB5334 = {
			isa = PBXGroup;
			children = (
				4660C13C251CF06800DB5334 /* LetsEat */,
				4660C13B251CF06800DB5334 /* Products */,
			);
			sourceTree = "<group>";
		};
		4660C13B251CF06800DB5334 /* Products */ = {
			isa = PBXGroup;
			children = (
				4660C13A251CF06800DB5334 /* LetsEat.app */,
			);
			name = Products;
			sourceTree = "<group>";
		};
		4660C13C251CF06800DB5334 /* LetsEat */ = {
			isa = PBXGroup;
			children = (
				464553F1253149DC006DEF9A /* PhotoFilter */,
				464553F2253149E7006DEF9A /* ReviewForm */,
				464553ED253149B1006DEF9A /* RestaurantDetail */,
				464553E525314141006DEF9A /* Misc */,
				464553DA25313BE2006DEF9A /* Map */,
				46F0115425300EAB00C66F3E /* Location */,
				462C7E6325296C6700D9A426 /* Restaurants */,
				46FB501E252770100024F8E7 /* Explore */,
				4660C13D251CF06800DB5334 /* AppDelegate.swift */,
				4660C13F251CF06800DB5334 /* SceneDelegate.swift */,
				4660C154251CF4E200DB5334 /* Assets.xcassets */,
				4660C143251CF06800DB5334 /* Main.storyboard */,
				4660C148251CF06900DB5334 /* LaunchScreen.storyboard */,
				4660C14B251CF06900DB5334 /* Info.plist */,
			);
			path = LetsEat;
			sourceTree = "<group>";
		};
		46667196253996A500F8734A /* Model */ = {
			isa = PBXGroup;
			children = (
				46667197253996B900F8734A /* FilterData.plist */,
				4666719A2539979E00F8734A /* FilterItem.swift */,
				4666719D2539980000F8734A /* FilterManager.swift */,
			);
			path = Model;
			sourceTree = "<group>";
		};
		46DA743925367CD0000F89B2 /* View */ = {
			isa = PBXGroup;
			children = (
				46DA743A25367D11000F89B2 /* RestaurantCell.swift */,
			);
			path = View;
			sourceTree = "<group>";
		};
		46DA743D25367EAC000F89B2 /* No Data */ = {
			isa = PBXGroup;
			children = (
				46DA743E25367EDC000F89B2 /* NoDataView.swift */,
				46DA744125367EF5000F89B2 /* NoDataView.xib */,
			);
			path = "No Data";
			sourceTree = "<group>";
		};
		46F0115425300EAB00C66F3E /* Location */ = {
			isa = PBXGroup;
			children = (
				46F0115625300EBC00C66F3E /* Model */,
				46F0115525300EB400C66F3E /* View */,
				46F0115725300EF400C66F3E /* LocationViewController.swift */,
			);
			path = Location;
			sourceTree = "<group>";
		};
		46F0115525300EB400C66F3E /* View */ = {
			isa = PBXGroup;
			children = (
			);
			path = View;
			sourceTree = "<group>";
		};
		46F0115625300EBC00C66F3E /* Model */ = {
			isa = PBXGroup;
			children = (
				46B523AE253013A50072F717 /* LocationDataManager.swift */,
				46B523AB253011E60072F717 /* Locations.plist */,
				4660B89325366A560073E696 /* LocationItem.swift */,
			);
			path = Model;
			sourceTree = "<group>";
		};
		46FB501E252770100024F8E7 /* Explore */ = {
			isa = PBXGroup;
			children = (
				461958E1252E9CBA008F2F37 /* View */,
				461958D7252E98F0008F2F37 /* Model */,
				46FB501F252770580024F8E7 /* ExploreViewController.swift */,
			);
			path = Explore;
			sourceTree = "<group>";
		};
/* End PBXGroup section */

/* Begin PBXNativeTarget section */
		4660C139251CF06800DB5334 /* LetsEat */ = {
			isa = PBXNativeTarget;
			buildConfigurationList = 4660C14E251CF06900DB5334 /* Build configuration list for PBXNativeTarget "LetsEat" */;
			buildPhases = (
				4660C136251CF06800DB5334 /* Sources */,
				4660C137251CF06800DB5334 /* Frameworks */,
				4660C138251CF06800DB5334 /* Resources */,
			);
			buildRules = (
			);
			dependencies = (
			);
			name = LetsEat;
			productName = LetsEat;
			productReference = 4660C13A251CF06800DB5334 /* LetsEat.app */;
			productType = "com.apple.product-type.application";
		};
/* End PBXNativeTarget section */

/* Begin PBXProject section */
		4660C132251CF06700DB5334 /* Project object */ = {
			isa = PBXProject;
			attributes = {
				LastSwiftUpdateCheck = 1200;
				LastUpgradeCheck = 1200;
				TargetAttributes = {
					4660C139251CF06800DB5334 = {
						CreatedOnToolsVersion = 12.0;
					};
				};
			};
			buildConfigurationList = 4660C135251CF06700DB5334 /* Build configuration list for PBXProject "LetsEat" */;
			compatibilityVersion = "Xcode 9.3";
			developmentRegion = en;
			hasScannedForEncodings = 0;
			knownRegions = (
				en,
				Base,
			);
			mainGroup = 4660C131251CF06700DB5334;
			productRefGroup = 4660C13B251CF06800DB5334 /* Products */;
			projectDirPath = "";
			projectRoot = "";
			targets = (
				4660C139251CF06800DB5334 /* LetsEat */,
			);
		};
/* End PBXProject section */

/* Begin PBXResourcesBuildPhase section */
		4660C138251CF06800DB5334 /* Resources */ = {
			isa = PBXResourcesBuildPhase;
			buildActionMask = 2147483647;
			files = (
				461958D9252E9906008F2F37 /* ExploreData.plist in Resources */,
				4660C14A251CF06900DB5334 /* LaunchScreen.storyboard in Resources */,
				4660B883253665560073E696 /* Las Vegas.json in Resources */,
				4660B881253665560073E696 /* Aspen.json in Resources */,
				4660B888253665560073E696 /* Philadelphia.json in Resources */,
				4660C155251CF4E200DB5334 /* Assets.xcassets in Resources */,
				4660B882253665560073E696 /* Houston.json in Resources */,
				4660B885253665560073E696 /* Los Angeles.json in Resources */,
				4660B889253665560073E696 /* New York.json in Resources */,
				46DA744225367EF5000F89B2 /* NoDataView.xib in Resources */,
				464553F7253149FD006DEF9A /* ReviewForm.storyboard in Resources */,
				4660B880253665560073E696 /* San Francisco.json in Resources */,
				4660B88C253665560073E696 /* Portland.json in Resources */,
				4660B884253665560073E696 /* Chicago.json in Resources */,
				4660B886253665560073E696 /* Charleston.json in Resources */,
				46B523AC253011E60072F717 /* Locations.plist in Resources */,
				464553EF253149C4006DEF9A /* RestaurantDetail.storyboard in Resources */,
				46667198253996B900F8734A /* FilterData.plist in Resources */,
				4660B887253665560073E696 /* San Antonio.json in Resources */,
				464553F4253149F3006DEF9A /* PhotoFilter.storyboard in Resources */,
				464553DD25313C29006DEF9A /* MapLocations.plist in Resources */,
				4660B88B253665560073E696 /* Boston.json in Resources */,
				4660C145251CF06800DB5334 /* Main.storyboard in Resources */,
				4660B88A253665560073E696 /* Miami.json in Resources */,
				4660B88D253665560073E696 /* New Orleans.json in Resources */,
			);
			runOnlyForDeploymentPostprocessing = 0;
		};
/* End PBXResourcesBuildPhase section */

/* Begin PBXSourcesBuildPhase section */
		4660C136251CF06800DB5334 /* Sources */ = {
			isa = PBXSourcesBuildPhase;
			buildActionMask = 2147483647;
			files = (
				46E97D6A2537FD9C0008B88F /* ReviewFormViewController.swift in Sources */,
				4660B89425366A560073E696 /* LocationItem.swift in Sources */,
				46E97D672537EDBA0008B88F /* RatingsView.swift in Sources */,
				4660B89925366DFB0073E696 /* ExploreHeaderView.swift in Sources */,
				461958DC252E99C5008F2F37 /* ExploreItem.swift in Sources */,
				466671A725399D6200F8734A /* PhotoFilterViewController.swift in Sources */,
				466671A425399B3500F8734A /* FilterCell.swift in Sources */,
				466671A12539989D00F8734A /* ImageFiltering.swift in Sources */,
				464553E725314159006DEF9A /* DataManager.swift in Sources */,
				464553E325313FAA006DEF9A /* MapDataManager.swift in Sources */,
				46DA743F25367EDC000F89B2 /* NoDataView.swift in Sources */,
				4660C13E251CF06800DB5334 /* AppDelegate.swift in Sources */,
				4660B891253666710073E696 /* RestaurantDataManager.swift in Sources */,
				462C7E6525296C8E00D9A426 /* RestaurantListViewController.swift in Sources */,
				464553FB25314AD3006DEF9A /* Segue.swift in Sources */,
				46DA743B25367D11000F89B2 /* RestaurantCell.swift in Sources */,
				4660C140251CF06800DB5334 /* SceneDelegate.swift in Sources */,
				464553FF25315105006DEF9A /* RestaurantDetailViewController.swift in Sources */,
				4666719B2539979E00F8734A /* FilterItem.swift in Sources */,
				464553EB25314431006DEF9A /* MapViewController.swift in Sources */,
				46FB5020252770580024F8E7 /* ExploreViewController.swift in Sources */,
				461958DF252E9AE4008F2F37 /* ExploreDataManager.swift in Sources */,
				461958E3252E9CF0008F2F37 /* ExploreCell.swift in Sources */,
				464553E025313C83006DEF9A /* RestaurantItem.swift in Sources */,
				46B523AF253013A50072F717 /* LocationDataManager.swift in Sources */,
				46F0115825300EF400C66F3E /* LocationViewController.swift in Sources */,
				4666719E2539980000F8734A /* FilterManager.swift in Sources */,
			);
			runOnlyForDeploymentPostprocessing = 0;
		};
/* End PBXSourcesBuildPhase section */

/* Begin PBXVariantGroup section */
		4660C143251CF06800DB5334 /* Main.storyboard */ = {
			isa = PBXVariantGroup;
			children = (
				4660C144251CF06800DB5334 /* Base */,
			);
			name = Main.storyboard;
			sourceTree = "<group>";
		};
		4660C148251CF06900DB5334 /* LaunchScreen.storyboard */ = {
			isa = PBXVariantGroup;
			children = (
				4660C149251CF06900DB5334 /* Base */,
			);
			name = LaunchScreen.storyboard;
			sourceTree = "<group>";
		};
/* End PBXVariantGroup section */

/* Begin XCBuildConfiguration section */
		4660C14C251CF06900DB5334 /* Debug */ = {
			isa = XCBuildConfiguration;
			buildSettings = {
				ALWAYS_SEARCH_USER_PATHS = NO;
				CLANG_ANALYZER_NONNULL = YES;
				CLANG_ANALYZER_NUMBER_OBJECT_CONVERSION = YES_AGGRESSIVE;
				CLANG_CXX_LANGUAGE_STANDARD = "gnu++14";
				CLANG_CXX_LIBRARY = "libc++";
				CLANG_ENABLE_MODULES = YES;
				CLANG_ENABLE_OBJC_ARC = YES;
				CLANG_ENABLE_OBJC_WEAK = YES;
				CLANG_WARN_BLOCK_CAPTURE_AUTORELEASING = YES;
				CLANG_WARN_BOOL_CONVERSION = YES;
				CLANG_WARN_COMMA = YES;
				CLANG_WARN_CONSTANT_CONVERSION = YES;
				CLANG_WARN_DEPRECATED_OBJC_IMPLEMENTATIONS = YES;
				CLANG_WARN_DIRECT_OBJC_ISA_USAGE = YES_ERROR;
				CLANG_WARN_DOCUMENTATION_COMMENTS = YES;
				CLANG_WARN_EMPTY_BODY = YES;
				CLANG_WARN_ENUM_CONVERSION = YES;
				CLANG_WARN_INFINITE_RECURSION = YES;
				CLANG_WARN_INT_CONVERSION = YES;
				CLANG_WARN_NON_LITERAL_NULL_CONVERSION = YES;
				CLANG_WARN_OBJC_IMPLICIT_RETAIN_SELF = YES;
				CLANG_WARN_OBJC_LITERAL_CONVERSION = YES;
				CLANG_WARN_OBJC_ROOT_CLASS = YES_ERROR;
				CLANG_WARN_QUOTED_INCLUDE_IN_FRAMEWORK_HEADER = YES;
				CLANG_WARN_RANGE_LOOP_ANALYSIS = YES;
				CLANG_WARN_STRICT_PROTOTYPES = YES;
				CLANG_WARN_SUSPICIOUS_MOVE = YES;
				CLANG_WARN_UNGUARDED_AVAILABILITY = YES_AGGRESSIVE;
				CLANG_WARN_UNREACHABLE_CODE = YES;
				CLANG_WARN__DUPLICATE_METHOD_MATCH = YES;
				COPY_PHASE_STRIP = NO;
				DEBUG_INFORMATION_FORMAT = dwarf;
				ENABLE_STRICT_OBJC_MSGSEND = YES;
				ENABLE_TESTABILITY = YES;
				GCC_C_LANGUAGE_STANDARD = gnu11;
				GCC_DYNAMIC_NO_PIC = NO;
				GCC_NO_COMMON_BLOCKS = YES;
				GCC_OPTIMIZATION_LEVEL = 0;
				GCC_PREPROCESSOR_DEFINITIONS = (
					"DEBUG=1",
					"$(inherited)",
				);
				GCC_WARN_64_TO_32_BIT_CONVERSION = YES;
				GCC_WARN_ABOUT_RETURN_TYPE = YES_ERROR;
				GCC_WARN_UNDECLARED_SELECTOR = YES;
				GCC_WARN_UNINITIALIZED_AUTOS = YES_AGGRESSIVE;
				GCC_WARN_UNUSED_FUNCTION = YES;
				GCC_WARN_UNUSED_VARIABLE = YES;
				IPHONEOS_DEPLOYMENT_TARGET = 14.0;
				MTL_ENABLE_DEBUG_INFO = INCLUDE_SOURCE;
				MTL_FAST_MATH = YES;
				ONLY_ACTIVE_ARCH = YES;
				SDKROOT = iphoneos;
				SWIFT_ACTIVE_COMPILATION_CONDITIONS = DEBUG;
				SWIFT_OPTIMIZATION_LEVEL = "-Onone";
			};
			name = Debug;
		};
		4660C14D251CF06900DB5334 /* Release */ = {
			isa = XCBuildConfiguration;
			buildSettings = {
				ALWAYS_SEARCH_USER_PATHS = NO;
				CLANG_ANALYZER_NONNULL = YES;
				CLANG_ANALYZER_NUMBER_OBJECT_CONVERSION = YES_AGGRESSIVE;
				CLANG_CXX_LANGUAGE_STANDARD = "gnu++14";
				CLANG_CXX_LIBRARY = "libc++";
				CLANG_ENABLE_MODULES = YES;
				CLANG_ENABLE_OBJC_ARC = YES;
				CLANG_ENABLE_OBJC_WEAK = YES;
				CLANG_WARN_BLOCK_CAPTURE_AUTORELEASING = YES;
				CLANG_WARN_BOOL_CONVERSION = YES;
				CLANG_WARN_COMMA = YES;
				CLANG_WARN_CONSTANT_CONVERSION = YES;
				CLANG_WARN_DEPRECATED_OBJC_IMPLEMENTATIONS = YES;
				CLANG_WARN_DIRECT_OBJC_ISA_USAGE = YES_ERROR;
				CLANG_WARN_DOCUMENTATION_COMMENTS = YES;
				CLANG_WARN_EMPTY_BODY = YES;
				CLANG_WARN_ENUM_CONVERSION = YES;
				CLANG_WARN_INFINITE_RECURSION = YES;
				CLANG_WARN_INT_CONVERSION = YES;
				CLANG_WARN_NON_LITERAL_NULL_CONVERSION = YES;
				CLANG_WARN_OBJC_IMPLICIT_RETAIN_SELF = YES;
				CLANG_WARN_OBJC_LITERAL_CONVERSION = YES;
				CLANG_WARN_OBJC_ROOT_CLASS = YES_ERROR;
				CLANG_WARN_QUOTED_INCLUDE_IN_FRAMEWORK_HEADER = YES;
				CLANG_WARN_RANGE_LOOP_ANALYSIS = YES;
				CLANG_WARN_STRICT_PROTOTYPES = YES;
				CLANG_WARN_SUSPICIOUS_MOVE = YES;
				CLANG_WARN_UNGUARDED_AVAILABILITY = YES_AGGRESSIVE;
				CLANG_WARN_UNREACHABLE_CODE = YES;
				CLANG_WARN__DUPLICATE_METHOD_MATCH = YES;
				COPY_PHASE_STRIP = NO;
				DEBUG_INFORMATION_FORMAT = "dwarf-with-dsym";
				ENABLE_NS_ASSERTIONS = NO;
				ENABLE_STRICT_OBJC_MSGSEND = YES;
				GCC_C_LANGUAGE_STANDARD = gnu11;
				GCC_NO_COMMON_BLOCKS = YES;
				GCC_WARN_64_TO_32_BIT_CONVERSION = YES;
				GCC_WARN_ABOUT_RETURN_TYPE = YES_ERROR;
				GCC_WARN_UNDECLARED_SELECTOR = YES;
				GCC_WARN_UNINITIALIZED_AUTOS = YES_AGGRESSIVE;
				GCC_WARN_UNUSED_FUNCTION = YES;
				GCC_WARN_UNUSED_VARIABLE = YES;
				IPHONEOS_DEPLOYMENT_TARGET = 14.0;
				MTL_ENABLE_DEBUG_INFO = NO;
				MTL_FAST_MATH = YES;
				SDKROOT = iphoneos;
				SWIFT_COMPILATION_MODE = wholemodule;
				SWIFT_OPTIMIZATION_LEVEL = "-O";
				VALIDATE_PRODUCT = YES;
			};
			name = Release;
		};
		4660C14F251CF06900DB5334 /* Debug */ = {
			isa = XCBuildConfiguration;
			buildSettings = {
				ASSETCATALOG_COMPILER_APPICON_NAME = AppIcon;
				ASSETCATALOG_COMPILER_GLOBAL_ACCENT_COLOR_NAME = AccentColor;
				CODE_SIGN_STYLE = Automatic;
				INFOPLIST_FILE = LetsEat/Info.plist;
				LD_RUNPATH_SEARCH_PATHS = (
					"$(inherited)",
					"@executable_path/Frameworks",
				);
				PRODUCT_BUNDLE_IDENTIFIER = com.myname.LetsEat;
				PRODUCT_NAME = "$(TARGET_NAME)";
				SWIFT_VERSION = 5.0;
				TARGETED_DEVICE_FAMILY = "1,2";
			};
			name = Debug;
		};
		4660C150251CF06900DB5334 /* Release */ = {
			isa = XCBuildConfiguration;
			buildSettings = {
				ASSETCATALOG_COMPILER_APPICON_NAME = AppIcon;
				ASSETCATALOG_COMPILER_GLOBAL_ACCENT_COLOR_NAME = AccentColor;
				CODE_SIGN_STYLE = Automatic;
				INFOPLIST_FILE = LetsEat/Info.plist;
				LD_RUNPATH_SEARCH_PATHS = (
					"$(inherited)",
					"@executable_path/Frameworks",
				);
				PRODUCT_BUNDLE_IDENTIFIER = com.myname.LetsEat;
				PRODUCT_NAME = "$(TARGET_NAME)";
				SWIFT_VERSION = 5.0;
				TARGETED_DEVICE_FAMILY = "1,2";
			};
			name = Release;
		};
/* End XCBuildConfiguration section */

/* Begin XCConfigurationList section */
		4660C135251CF06700DB5334 /* Build configuration list for PBXProject "LetsEat" */ = {
			isa = XCConfigurationList;
			buildConfigurations = (
				4660C14C251CF06900DB5334 /* Debug */,
				4660C14D251CF06900DB5334 /* Release */,
			);
			defaultConfigurationIsVisible = 0;
			defaultConfigurationName = Release;
		};
		4660C14E251CF06900DB5334 /* Build configuration list for PBXNativeTarget "LetsEat" */ = {
			isa = XCConfigurationList;
			buildConfigurations = (
				4660C14F251CF06900DB5334 /* Debug */,
				4660C150251CF06900DB5334 /* Release */,
			);
			defaultConfigurationIsVisible = 0;
			defaultConfigurationName = Release;
		};
/* End XCConfigurationList section */
	};
	rootObject = 4660C132251CF06700DB5334 /* Project object */;
}
